
Microsoft Visual Studio Solution File, Format Version 12.00
# Visual Studio Version 16
VisualStudioVersion = 16.0.29806.167
MinimumVisualStudioVersion = 10.0.40219.1
Project("{FAE04EC0-301F-11D3-BF4B-00C04F79EFBC}") = "AutenticationDisk", "AutenticationDisk\AutenticationDisk.csproj", "{DDE73F6E-0054-4535-AC63-4E69A7D69859}"
EndProject
Global
	GlobalSection(SolutionConfigurationPlatforms) = preSolution
		Debug|Any CPU = Debug|Any CPU
		Release|Any CPU = Release|Any CPU
	EndGlobalSection
	GlobalSection(ProjectConfigurationPlatforms) = postSolution
		{DDE73F6E-0054-4535-AC63-4E69A7D69859}.Debug|Any CPU.ActiveCfg = Debug|Any CPU
		{DDE73F6E-0054-4535-AC63-4E69A7D69859}.Debug|Any CPU.Build.0 = Debug|Any CPU
		{DDE73F6E-0054-4535-AC63-4E69A7D69859}.Release|Any CPU.ActiveCfg = Release|Any CPU
		{DDE73F6E-0054-4535-AC63-4E69A7D69859}.Release|Any CPU.Build.0 = Release|Any CPU
	EndGlobalSection
	GlobalSection(SolutionProperties) = preSolution
		HideSolutionNode = FALSE
	EndGlobalSection
	GlobalSection(ExtensibilityGlobals) = postSolution
		SolutionGuid = {C66BF1E9-972C-4546-BA3C-43EDD93B34B6}
	EndGlobalSection
EndGlobal
